
Microsoft Visual Studio Solution File, Format Version 12.00
# Visual Studio Version 17
VisualStudioVersion = 17.3.32922.545
MinimumVisualStudioVersion = 10.0.40219.1
Project("{2150E333-8FDC-42A3-9474-1A3956D46DE8}") = "ContactMicroservice", "ContactMicroservice", "{81874716-D43F-4EB4-822C-12D056D22C7B}"
EndProject
Project("{2150E333-8FDC-42A3-9474-1A3956D46DE8}") = "ReportMicroservice", "ReportMicroservice", "{6C42070C-C9B9-4060-A99B-467700BFEAA1}"
EndProject
Project("{FAE04EC0-301F-11D3-BF4B-00C04F79EFBC}") = "Cdr.ContactMicroservice.RestfullAPI", "ContactMicroservice\Cdr.ContactMicroservice.RestfullAPI\Cdr.ContactMicroservice.RestfullAPI.csproj", "{113AAB60-8EF5-47DD-AFA9-B63CA9BBC780}"
EndProject
Project("{FAE04EC0-301F-11D3-BF4B-00C04F79EFBC}") = "Cdr.ContactMicroservice.Domain", "ContactMicroservice\Cdr.ContactMicroservice.Domain\Cdr.ContactMicroservice.Domain.csproj", "{B3BD306D-BDC6-4D78-80B5-3E7F8AEF6F79}"
EndProject
Project("{FAE04EC0-301F-11D3-BF4B-00C04F79EFBC}") = "Cdr.ContactMicroservice.Infrastructure", "ContactMicroservice\Cdr.ContactMicroservice.Infrastructure\Cdr.ContactMicroservice.Infrastructure.csproj", "{A3CBE6D1-D7D9-4B1E-8E95-999D357EC0C3}"
EndProject
Project("{FAE04EC0-301F-11D3-BF4B-00C04F79EFBC}") = "Cdr.ContactMicroservice.Persistence", "ContactMicroservice\Cdr.ContactMicroservice.Persistence\Cdr.ContactMicroservice.Persistence.csproj", "{F8A7A747-C02B-4EDB-891C-2A52DADA6301}"
EndProject
Project("{FAE04EC0-301F-11D3-BF4B-00C04F79EFBC}") = "Cdr.ReportMicroservice.RestfullAPI", "ReportMicroservice\Cdr.ReportMicroservice.RestfullAPI\Cdr.ReportMicroservice.RestfullAPI.csproj", "{EE3028ED-5702-4D39-97D1-74CBB55DFEBF}"
EndProject
Project("{FAE04EC0-301F-11D3-BF4B-00C04F79EFBC}") = "Cdr.ReportMicroservice.Persistence", "ReportMicroservice\Cdr.ReportMicroservice.Persistence\Cdr.ReportMicroservice.Persistence.csproj", "{26DDA1DB-2465-48E9-973A-0247DA25A8D6}"
EndProject
Project("{FAE04EC0-301F-11D3-BF4B-00C04F79EFBC}") = "Cdr.ReportMicroservice.Infrastructure", "ReportMicroservice\Cdr.ReportMicroservice.Infrastructure\Cdr.ReportMicroservice.Infrastructure.csproj", "{C313EEFC-601A-4F54-AD39-55C44EEAD125}"
EndProject
Project("{FAE04EC0-301F-11D3-BF4B-00C04F79EFBC}") = "Cdr.ReportMicroservice.Domain", "ReportMicroservice\Cdr.ReportMicroservice.Domain\Cdr.ReportMicroservice.Domain.csproj", "{98AEBAF1-2826-445E-A3F7-91D5A1E71DC3}"
EndProject
Global
	GlobalSection(SolutionConfigurationPlatforms) = preSolution
		Debug|Any CPU = Debug|Any CPU
		Release|Any CPU = Release|Any CPU
	EndGlobalSection
	GlobalSection(ProjectConfigurationPlatforms) = postSolution
		{113AAB60-8EF5-47DD-AFA9-B63CA9BBC780}.Debug|Any CPU.ActiveCfg = Debug|Any CPU
		{113AAB60-8EF5-47DD-AFA9-B63CA9BBC780}.Debug|Any CPU.Build.0 = Debug|Any CPU
		{113AAB60-8EF5-47DD-AFA9-B63CA9BBC780}.Release|Any CPU.ActiveCfg = Release|Any CPU
		{113AAB60-8EF5-47DD-AFA9-B63CA9BBC780}.Release|Any CPU.Build.0 = Release|Any CPU
		{B3BD306D-BDC6-4D78-80B5-3E7F8AEF6F79}.Debug|Any CPU.ActiveCfg = Debug|Any CPU
		{B3BD306D-BDC6-4D78-80B5-3E7F8AEF6F79}.Debug|Any CPU.Build.0 = Debug|Any CPU
		{B3BD306D-BDC6-4D78-80B5-3E7F8AEF6F79}.Release|Any CPU.ActiveCfg = Release|Any CPU
		{B3BD306D-BDC6-4D78-80B5-3E7F8AEF6F79}.Release|Any CPU.Build.0 = Release|Any CPU
		{A3CBE6D1-D7D9-4B1E-8E95-999D357EC0C3}.Debug|Any CPU.ActiveCfg = Debug|Any CPU
		{A3CBE6D1-D7D9-4B1E-8E95-999D357EC0C3}.Debug|Any CPU.Build.0 = Debug|Any CPU
		{A3CBE6D1-D7D9-4B1E-8E95-999D357EC0C3}.Release|Any CPU.ActiveCfg = Release|Any CPU
		{A3CBE6D1-D7D9-4B1E-8E95-999D357EC0C3}.Release|Any CPU.Build.0 = Release|Any CPU
		{F8A7A747-C02B-4EDB-891C-2A52DADA6301}.Debug|Any CPU.ActiveCfg = Debug|Any CPU
		{F8A7A747-C02B-4EDB-891C-2A52DADA6301}.Debug|Any CPU.Build.0 = Debug|Any CPU
		{F8A7A747-C02B-4EDB-891C-2A52DADA6301}.Release|Any CPU.ActiveCfg = Release|Any CPU
		{F8A7A747-C02B-4EDB-891C-2A52DADA6301}.Release|Any CPU.Build.0 = Release|Any CPU
		{EE3028ED-5702-4D39-97D1-74CBB55DFEBF}.Debug|Any CPU.ActiveCfg = Debug|Any CPU
		{EE3028ED-5702-4D39-97D1-74CBB55DFEBF}.Debug|Any CPU.Build.0 = Debug|Any CPU
		{EE3028ED-5702-4D39-97D1-74CBB55DFEBF}.Release|Any CPU.ActiveCfg = Release|Any CPU
		{EE3028ED-5702-4D39-97D1-74CBB55DFEBF}.Release|Any CPU.Build.0 = Release|Any CPU
		{26DDA1DB-2465-48E9-973A-0247DA25A8D6}.Debug|Any CPU.ActiveCfg = Debug|Any CPU
		{26DDA1DB-2465-48E9-973A-0247DA25A8D6}.Debug|Any CPU.Build.0 = Debug|Any CPU
		{26DDA1DB-2465-48E9-973A-0247DA25A8D6}.Release|Any CPU.ActiveCfg = Release|Any CPU
		{26DDA1DB-2465-48E9-973A-0247DA25A8D6}.Release|Any CPU.Build.0 = Release|Any CPU
		{C313EEFC-601A-4F54-AD39-55C44EEAD125}.Debug|Any CPU.ActiveCfg = Debug|Any CPU
		{C313EEFC-601A-4F54-AD39-55C44EEAD125}.Debug|Any CPU.Build.0 = Debug|Any CPU
		{C313EEFC-601A-4F54-AD39-55C44EEAD125}.Release|Any CPU.ActiveCfg = Release|Any CPU
		{C313EEFC-601A-4F54-AD39-55C44EEAD125}.Release|Any CPU.Build.0 = Release|Any CPU
		{98AEBAF1-2826-445E-A3F7-91D5A1E71DC3}.Debug|Any CPU.ActiveCfg = Debug|Any CPU
		{98AEBAF1-2826-445E-A3F7-91D5A1E71DC3}.Debug|Any CPU.Build.0 = Debug|Any CPU
		{98AEBAF1-2826-445E-A3F7-91D5A1E71DC3}.Release|Any CPU.ActiveCfg = Release|Any CPU
		{98AEBAF1-2826-445E-A3F7-91D5A1E71DC3}.Release|Any CPU.Build.0 = Release|Any CPU
	EndGlobalSection
	GlobalSection(SolutionProperties) = preSolution
		HideSolutionNode = FALSE
	EndGlobalSection
	GlobalSection(NestedProjects) = preSolution
		{113AAB60-8EF5-47DD-AFA9-B63CA9BBC780} = {81874716-D43F-4EB4-822C-12D056D22C7B}
		{B3BD306D-BDC6-4D78-80B5-3E7F8AEF6F79} = {81874716-D43F-4EB4-822C-12D056D22C7B}
		{A3CBE6D1-D7D9-4B1E-8E95-999D357EC0C3} = {81874716-D43F-4EB4-822C-12D056D22C7B}
		{F8A7A747-C02B-4EDB-891C-2A52DADA6301} = {81874716-D43F-4EB4-822C-12D056D22C7B}
		{EE3028ED-5702-4D39-97D1-74CBB55DFEBF} = {6C42070C-C9B9-4060-A99B-467700BFEAA1}
		{26DDA1DB-2465-48E9-973A-0247DA25A8D6} = {6C42070C-C9B9-4060-A99B-467700BFEAA1}
		{C313EEFC-601A-4F54-AD39-55C44EEAD125} = {6C42070C-C9B9-4060-A99B-467700BFEAA1}
		{98AEBAF1-2826-445E-A3F7-91D5A1E71DC3} = {6C42070C-C9B9-4060-A99B-467700BFEAA1}
	EndGlobalSection
	GlobalSection(ExtensibilityGlobals) = postSolution
		SolutionGuid = {BF424A3B-95C4-43D4-BCEF-7CDF7C7DCF6B}
	EndGlobalSection
EndGlobal
